
Microsoft Visual Studio Solution File, Format Version 12.00
# Visual Studio Version 17
VisualStudioVersion = 17.9.34714.143
MinimumVisualStudioVersion = 10.0.40219.1
Project("{FAE04EC0-301F-11D3-BF4B-00C04F79EFBC}") = "copy-maker", "copy-maker.csproj", "{BC32A027-7CCF-4E14-9B33-A827ED58740E}"
EndProject
Global
	GlobalSection(SolutionConfigurationPlatforms) = preSolution
		Debug|Any CPU = Debug|Any CPU
		Release|Any CPU = Release|Any CPU
	EndGlobalSection
	GlobalSection(ProjectConfigurationPlatforms) = postSolution
		{BC32A027-7CCF-4E14-9B33-A827ED58740E}.Debug|Any CPU.ActiveCfg = Debug|Any CPU
		{BC32A027-7CCF-4E14-9B33-A827ED58740E}.Debug|Any CPU.Build.0 = Debug|Any CPU
		{BC32A027-7CCF-4E14-9B33-A827ED58740E}.Release|Any CPU.ActiveCfg = Release|Any CPU
		{BC32A027-7CCF-4E14-9B33-A827ED58740E}.Release|Any CPU.Build.0 = Release|Any CPU
	EndGlobalSection
	GlobalSection(SolutionProperties) = preSolution
		HideSolutionNode = FALSE
	EndGlobalSection
	GlobalSection(ExtensibilityGlobals) = postSolution
		SolutionGuid = {87769272-900C-4719-AD9F-4809F729F367}
	EndGlobalSection
EndGlobal
